
Microsoft Visual Studio Solution File, Format Version 12.00
# Visual Studio Version 16
VisualStudioVersion = 16.0.31410.357
MinimumVisualStudioVersion = 10.0.40219.1
Project("{FAE04EC0-301F-11D3-BF4B-00C04F79EFBC}") = "ProgrammingConstructs", "ProgrammingConstructs\ProgrammingConstructs.csproj", "{664A7FBE-DE84-4BC0-9F9A-28935411E745}"
EndProject
Global
	GlobalSection(SolutionConfigurationPlatforms) = preSolution
		Debug|Any CPU = Debug|Any CPU
		Release|Any CPU = Release|Any CPU
	EndGlobalSection
	GlobalSection(ProjectConfigurationPlatforms) = postSolution
		{664A7FBE-DE84-4BC0-9F9A-28935411E745}.Debug|Any CPU.ActiveCfg = Debug|Any CPU
		{664A7FBE-DE84-4BC0-9F9A-28935411E745}.Debug|Any CPU.Build.0 = Debug|Any CPU
		{664A7FBE-DE84-4BC0-9F9A-28935411E745}.Release|Any CPU.ActiveCfg = Release|Any CPU
		{664A7FBE-DE84-4BC0-9F9A-28935411E745}.Release|Any CPU.Build.0 = Release|Any CPU
	EndGlobalSection
	GlobalSection(SolutionProperties) = preSolution
		HideSolutionNode = FALSE
	EndGlobalSection
	GlobalSection(ExtensibilityGlobals) = postSolution
		SolutionGuid = {3257016E-7332-44A2-8488-ECC8E93B0DD6}
	EndGlobalSection
EndGlobal
